// !$*UTF8*$!
{
	archiveVersion = 1;
	classes = {
	};
	objectVersion = 46;
	objects = {

/* Begin PBXBuildFile section */
		3BBFCBBF1C2F69370005EF79 /* main.m in Sources */ = {isa = PBXBuildFile; fileRef = 3BBFCBBE1C2F69370005EF79 /* main.m */; };
		3BBFCBC21C2F69370005EF79 /* AppDelegate.m in Sources */ = {isa = PBXBuildFile; fileRef = 3BBFCBC11C2F69370005EF79 /* AppDelegate.m */; };
		3BBFCBC41C2F69370005EF79 /* art.scnassets in Resources */ = {isa = PBXBuildFile; fileRef = 3BBFCBC31C2F69370005EF79 /* art.scnassets */; };
		3BBFCBC71C2F69370005EF79 /* GameViewController.m in Sources */ = {isa = PBXBuildFile; fileRef = 3BBFCBC61C2F69370005EF79 /* GameViewController.m */; };
		3BBFCBCA1C2F69370005EF79 /* Main.storyboard in Resources */ = {isa = PBXBuildFile; fileRef = 3BBFCBC81C2F69370005EF79 /* Main.storyboard */; };
		3BBFCBCC1C2F69370005EF79 /* Images.xcassets in Resources */ = {isa = PBXBuildFile; fileRef = 3BBFCBCB1C2F69370005EF79 /* Images.xcassets */; };
		3BBFCBCF1C2F69370005EF79 /* LaunchScreen.xib in Resources */ = {isa = PBXBuildFile; fileRef = 3BBFCBCD1C2F69370005EF79 /* LaunchScreen.xib */; };
		3BBFCBDB1C2F69370005EF79 /* StarHuntTests.m in Sources */ = {isa = PBXBuildFile; fileRef = 3BBFCBDA1C2F69370005EF79 /* StarHuntTests.m */; };
		3BBFCBE51C2F6A390005EF79 /* Sprites.atlas in Resources */ = {isa = PBXBuildFile; fileRef = 3BBFCBE41C2F6A390005EF79 /* Sprites.atlas */; };
		3BBFCBE71C321E240005EF79 /* MyScene.m in Sources */ = {isa = PBXBuildFile; fileRef = 3BBFCBE61C321E240005EF79 /* MyScene.m */; };
		3BBFCBEA1C3247CB0005EF79 /* Cookie.m in Sources */ = {isa = PBXBuildFile; fileRef = 3BBFCBE91C3247CB0005EF79 /* Cookie.m */; };
		3BBFCBED1C3382CE0005EF79 /* Level.m in Sources */ = {isa = PBXBuildFile; fileRef = 3BBFCBEC1C3382CE0005EF79 /* Level.m */; };
		3BBFCBF51C350C7C0005EF79 /* Level_0.json in Resources */ = {isa = PBXBuildFile; fileRef = 3BBFCBF01C350C7C0005EF79 /* Level_0.json */; };
		3BBFCBF61C350C7C0005EF79 /* Level_1.json in Resources */ = {isa = PBXBuildFile; fileRef = 3BBFCBF11C350C7C0005EF79 /* Level_1.json */; };
		3BBFCBF71C350C7C0005EF79 /* Level_2.json in Resources */ = {isa = PBXBuildFile; fileRef = 3BBFCBF21C350C7C0005EF79 /* Level_2.json */; };
		3BBFCBF81C350C7C0005EF79 /* Level_3.json in Resources */ = {isa = PBXBuildFile; fileRef = 3BBFCBF31C350C7C0005EF79 /* Level_3.json */; };
		3BBFCBF91C350C7C0005EF79 /* Level_4.json in Resources */ = {isa = PBXBuildFile; fileRef = 3BBFCBF41C350C7C0005EF79 /* Level_4.json */; };
		3BBFCBFB1C350CC70005EF79 /* Tile.m in Sources */ = {isa = PBXBuildFile; fileRef = 3BBFCBFA1C350CC70005EF79 /* Tile.m */; };
		3BBFCBFE1C365EB80005EF79 /* MySwap.m in Sources */ = {isa = PBXBuildFile; fileRef = 3BBFCBFD1C365EB80005EF79 /* MySwap.m */; };
		3BBFCC071C37A2380005EF79 /* Chomp.wav in Resources */ = {isa = PBXBuildFile; fileRef = 3BBFCC011C37A2380005EF79 /* Chomp.wav */; };
		3BBFCC081C37A2380005EF79 /* Drip.wav in Resources */ = {isa = PBXBuildFile; fileRef = 3BBFCC021C37A2380005EF79 /* Drip.wav */; };
		3BBFCC091C37A2380005EF79 /* Error.wav in Resources */ = {isa = PBXBuildFile; fileRef = 3BBFCC031C37A2380005EF79 /* Error.wav */; };
		3BBFCC0A1C37A2380005EF79 /* Ka-Ching.wav in Resources */ = {isa = PBXBuildFile; fileRef = 3BBFCC041C37A2380005EF79 /* Ka-Ching.wav */; };
		3BBFCC0B1C37A2380005EF79 /* Mining by Moonlight.mp3 in Resources */ = {isa = PBXBuildFile; fileRef = 3BBFCC051C37A2380005EF79 /* Mining by Moonlight.mp3 */; };
		3BBFCC0C1C37A2380005EF79 /* Scrape.wav in Resources */ = {isa = PBXBuildFile; fileRef = 3BBFCC061C37A2380005EF79 /* Scrape.wav */; };
		3BBFCC0E1C3999900005EF79 /* Chain.m in Sources */ = {isa = PBXBuildFile; fileRef = 3BBFCC0D1C3999900005EF79 /* Chain.m */; };
		3BBFCC111C5464260005EF79 /* Grid.atlas in Resources */ = {isa = PBXBuildFile; fileRef = 3BBFCC101C5464260005EF79 /* Grid.atlas */; };
/* End PBXBuildFile section */

/* Begin PBXContainerItemProxy section */
		3BBFCBD51C2F69370005EF79 /* PBXContainerItemProxy */ = {
			isa = PBXContainerItemProxy;
			containerPortal = 3BBFCBB11C2F69370005EF79 /* Project object */;
			proxyType = 1;
			remoteGlobalIDString = 3BBFCBB81C2F69370005EF79;
			remoteInfo = StarHunt;
		};
/* End PBXContainerItemProxy section */

/* Begin PBXFileReference section */
		3BBFCBB91C2F69370005EF79 /* StarHunt.app */ = {isa = PBXFileReference; explicitFileType = wrapper.application; includeInIndex = 0; path = StarHunt.app; sourceTree = BUILT_PRODUCTS_DIR; };
		3BBFCBBD1C2F69370005EF79 /* Info.plist */ = {isa = PBXFileReference; lastKnownFileType = text.plist.xml; path = Info.plist; sourceTree = "<group>"; };
		3BBFCBBE1C2F69370005EF79 /* main.m */ = {isa = PBXFileReference; lastKnownFileType = sourcecode.c.objc; path = main.m; sourceTree = "<group>"; };
		3BBFCBC01C2F69370005EF79 /* AppDelegate.h */ = {isa = PBXFileReference; lastKnownFileType = sourcecode.c.h; path = AppDelegate.h; sourceTree = "<group>"; };
		3BBFCBC11C2F69370005EF79 /* AppDelegate.m */ = {isa = PBXFileReference; lastKnownFileType = sourcecode.c.objc; path = AppDelegate.m; sourceTree = "<group>"; };
		3BBFCBC31C2F69370005EF79 /* art.scnassets */ = {isa = PBXFileReference; lastKnownFileType = wrapper.scnassets; path = art.scnassets; sourceTree = "<group>"; };
		3BBFCBC51C2F69370005EF79 /* GameViewController.h */ = {isa = PBXFileReference; lastKnownFileType = sourcecode.c.h; path = GameViewController.h; sourceTree = "<group>"; };
		3BBFCBC61C2F69370005EF79 /* GameViewController.m */ = {isa = PBXFileReference; lastKnownFileType = sourcecode.c.objc; path = GameViewController.m; sourceTree = "<group>"; };
		3BBFCBC91C2F69370005EF79 /* Base */ = {isa = PBXFileReference; lastKnownFileType = file.storyboard; name = Base; path = Base.lproj/Main.storyboard; sourceTree = "<group>"; };
		3BBFCBCB1C2F69370005EF79 /* Images.xcassets */ = {isa = PBXFileReference; lastKnownFileType = folder.assetcatalog; path = Images.xcassets; sourceTree = "<group>"; };
		3BBFCBCE1C2F69370005EF79 /* Base */ = {isa = PBXFileReference; lastKnownFileType = file.xib; name = Base; path = Base.lproj/LaunchScreen.xib; sourceTree = "<group>"; };
		3BBFCBD41C2F69370005EF79 /* StarHuntTests.xctest */ = {isa = PBXFileReference; explicitFileType = wrapper.cfbundle; includeInIndex = 0; path = StarHuntTests.xctest; sourceTree = BUILT_PRODUCTS_DIR; };
		3BBFCBD91C2F69370005EF79 /* Info.plist */ = {isa = PBXFileReference; lastKnownFileType = text.plist.xml; path = Info.plist; sourceTree = "<group>"; };
		3BBFCBDA1C2F69370005EF79 /* StarHuntTests.m */ = {isa = PBXFileReference; lastKnownFileType = sourcecode.c.objc; path = StarHuntTests.m; sourceTree = "<group>"; };
		3BBFCBE41C2F6A390005EF79 /* Sprites.atlas */ = {isa = PBXFileReference; lastKnownFileType = folder.skatlas; path = Sprites.atlas; sourceTree = "<group>"; };
		3BBFCBE61C321E240005EF79 /* MyScene.m */ = {isa = PBXFileReference; fileEncoding = 4; lastKnownFileType = sourcecode.c.objc; path = MyScene.m; sourceTree = "<group>"; };
		3BBFCBE81C321E650005EF79 /* MyScene.h */ = {isa = PBXFileReference; lastKnownFileType = sourcecode.c.h; path = MyScene.h; sourceTree = "<group>"; };
		3BBFCBE91C3247CB0005EF79 /* Cookie.m */ = {isa = PBXFileReference; fileEncoding = 4; lastKnownFileType = sourcecode.c.objc; path = Cookie.m; sourceTree = "<group>"; };
		3BBFCBEB1C3247D50005EF79 /* Cookie.h */ = {isa = PBXFileReference; lastKnownFileType = sourcecode.c.h; path = Cookie.h; sourceTree = "<group>"; };
		3BBFCBEC1C3382CE0005EF79 /* Level.m */ = {isa = PBXFileReference; fileEncoding = 4; lastKnownFileType = sourcecode.c.objc; path = Level.m; sourceTree = "<group>"; };
		3BBFCBEE1C3382D80005EF79 /* Level.h */ = {isa = PBXFileReference; lastKnownFileType = sourcecode.c.h; path = Level.h; sourceTree = "<group>"; };
		3BBFCBF01C350C7C0005EF79 /* Level_0.json */ = {isa = PBXFileReference; fileEncoding = 4; lastKnownFileType = text.json; path = Level_0.json; sourceTree = "<group>"; };
		3BBFCBF11C350C7C0005EF79 /* Level_1.json */ = {isa = PBXFileReference; fileEncoding = 4; lastKnownFileType = text.json; path = Level_1.json; sourceTree = "<group>"; };
		3BBFCBF21C350C7C0005EF79 /* Level_2.json */ = {isa = PBXFileReference; fileEncoding = 4; lastKnownFileType = text.json; path = Level_2.json; sourceTree = "<group>"; };
		3BBFCBF31C350C7C0005EF79 /* Level_3.json */ = {isa = PBXFileReference; fileEncoding = 4; lastKnownFileType = text.json; path = Level_3.json; sourceTree = "<group>"; };
		3BBFCBF41C350C7C0005EF79 /* Level_4.json */ = {isa = PBXFileReference; fileEncoding = 4; lastKnownFileType = text.json; path = Level_4.json; sourceTree = "<group>"; };
		3BBFCBFA1C350CC70005EF79 /* Tile.m */ = {isa = PBXFileReference; fileEncoding = 4; lastKnownFileType = sourcecode.c.objc; name = Tile.m; path = Levels/Tile.m; sourceTree = "<group>"; };
		3BBFCBFC1C350CCE0005EF79 /* Tile.h */ = {isa = PBXFileReference; lastKnownFileType = sourcecode.c.h; name = Tile.h; path = Levels/Tile.h; sourceTree = "<group>"; };
		3BBFCBFD1C365EB80005EF79 /* MySwap.m */ = {isa = PBXFileReference; fileEncoding = 4; lastKnownFileType = sourcecode.c.objc; path = MySwap.m; sourceTree = "<group>"; };
		3BBFCBFF1C365EC00005EF79 /* MySwap.h */ = {isa = PBXFileReference; lastKnownFileType = sourcecode.c.h; path = MySwap.h; sourceTree = "<group>"; };
		3BBFCC011C37A2380005EF79 /* Chomp.wav */ = {isa = PBXFileReference; lastKnownFileType = audio.wav; path = Chomp.wav; sourceTree = "<group>"; };
		3BBFCC021C37A2380005EF79 /* Drip.wav */ = {isa = PBXFileReference; lastKnownFileType = audio.wav; path = Drip.wav; sourceTree = "<group>"; };
		3BBFCC031C37A2380005EF79 /* Error.wav */ = {isa = PBXFileReference; lastKnownFileType = audio.wav; path = Error.wav; sourceTree = "<group>"; };
		3BBFCC041C37A2380005EF79 /* Ka-Ching.wav */ = {isa = PBXFileReference; lastKnownFileType = audio.wav; path = "Ka-Ching.wav"; sourceTree = "<group>"; };
		3BBFCC051C37A2380005EF79 /* Mining by Moonlight.mp3 */ = {isa = PBXFileReference; lastKnownFileType = audio.mp3; path = "Mining by Moonlight.mp3"; sourceTree = "<group>"; };
		3BBFCC061C37A2380005EF79 /* Scrape.wav */ = {isa = PBXFileReference; lastKnownFileType = audio.wav; path = Scrape.wav; sourceTree = "<group>"; };
		3BBFCC0D1C3999900005EF79 /* Chain.m */ = {isa = PBXFileReference; fileEncoding = 4; lastKnownFileType = sourcecode.c.objc; path = Chain.m; sourceTree = "<group>"; };
		3BBFCC0F1C3999950005EF79 /* Chain.h */ = {isa = PBXFileReference; lastKnownFileType = sourcecode.c.h; path = Chain.h; sourceTree = "<group>"; };
		3BBFCC101C5464260005EF79 /* Grid.atlas */ = {isa = PBXFileReference; lastKnownFileType = folder.skatlas; path = Grid.atlas; sourceTree = "<group>"; };
/* End PBXFileReference section */

/* Begin PBXFrameworksBuildPhase section */
		3BBFCBB61C2F69370005EF79 /* Frameworks */ = {
			isa = PBXFrameworksBuildPhase;
			buildActionMask = 2147483647;
			files = (
			);
			runOnlyForDeploymentPostprocessing = 0;
		};
		3BBFCBD11C2F69370005EF79 /* Frameworks */ = {
			isa = PBXFrameworksBuildPhase;
			buildActionMask = 2147483647;
			files = (
			);
			runOnlyForDeploymentPostprocessing = 0;
		};
/* End PBXFrameworksBuildPhase section */

/* Begin PBXGroup section */
		3BBFCBB01C2F69370005EF79 = {
			isa = PBXGroup;
			children = (
				3BBFCBBB1C2F69370005EF79 /* StarHunt */,
				3BBFCBD71C2F69370005EF79 /* StarHuntTests */,
				3BBFCBBA1C2F69370005EF79 /* Products */,
			);
			sourceTree = "<group>";
		};
		3BBFCBBA1C2F69370005EF79 /* Products */ = {
			isa = PBXGroup;
			children = (
				3BBFCBB91C2F69370005EF79 /* StarHunt.app */,
				3BBFCBD41C2F69370005EF79 /* StarHuntTests.xctest */,
			);
			name = Products;
			sourceTree = "<group>";
		};
		3BBFCBBB1C2F69370005EF79 /* StarHunt */ = {
			isa = PBXGroup;
			children = (
				3BBFCBC01C2F69370005EF79 /* AppDelegate.h */,
				3BBFCBC11C2F69370005EF79 /* AppDelegate.m */,
				3BBFCBC31C2F69370005EF79 /* art.scnassets */,
				3BBFCBC51C2F69370005EF79 /* GameViewController.h */,
				3BBFCBC61C2F69370005EF79 /* GameViewController.m */,
				3BBFCBEB1C3247D50005EF79 /* Cookie.h */,
				3BBFCBE91C3247CB0005EF79 /* Cookie.m */,
				3BBFCC0F1C3999950005EF79 /* Chain.h */,
				3BBFCC0D1C3999900005EF79 /* Chain.m */,
				3BBFCBEE1C3382D80005EF79 /* Level.h */,
				3BBFCBEC1C3382CE0005EF79 /* Level.m */,
				3BBFCBE81C321E650005EF79 /* MyScene.h */,
				3BBFCBE61C321E240005EF79 /* MyScene.m */,
				3BBFCBFF1C365EC00005EF79 /* MySwap.h */,
				3BBFCBFD1C365EB80005EF79 /* MySwap.m */,
				3BBFCBFC1C350CCE0005EF79 /* Tile.h */,
				3BBFCBFA1C350CC70005EF79 /* Tile.m */,
				3BBFCBC81C2F69370005EF79 /* Main.storyboard */,
				3BBFCBCB1C2F69370005EF79 /* Images.xcassets */,
				3BBFCBCD1C2F69370005EF79 /* LaunchScreen.xib */,
				3BBFCBEF1C350C7C0005EF79 /* Levels */,
				3BBFCC001C37A2380005EF79 /* Sounds */,
				3BBFCC101C5464260005EF79 /* Grid.atlas */,
				3BBFCBE41C2F6A390005EF79 /* Sprites.atlas */,
				3BBFCBBC1C2F69370005EF79 /* Supporting Files */,
			);
			path = StarHunt;
			sourceTree = "<group>";
		};
		3BBFCBBC1C2F69370005EF79 /* Supporting Files */ = {
			isa = PBXGroup;
			children = (
				3BBFCBBD1C2F69370005EF79 /* Info.plist */,
				3BBFCBBE1C2F69370005EF79 /* main.m */,
			);
			name = "Supporting Files";
			sourceTree = "<group>";
		};
		3BBFCBD71C2F69370005EF79 /* StarHuntTests */ = {
			isa = PBXGroup;
			children = (
				3BBFCBDA1C2F69370005EF79 /* StarHuntTests.m */,
				3BBFCBD81C2F69370005EF79 /* Supporting Files */,
			);
			path = StarHuntTests;
			sourceTree = "<group>";
		};
		3BBFCBD81C2F69370005EF79 /* Supporting Files */ = {
			isa = PBXGroup;
			children = (
				3BBFCBD91C2F69370005EF79 /* Info.plist */,
			);
			name = "Supporting Files";
			sourceTree = "<group>";
		};
		3BBFCBEF1C350C7C0005EF79 /* Levels */ = {
			isa = PBXGroup;
			children = (
				3BBFCBF01C350C7C0005EF79 /* Level_0.json */,
				3BBFCBF11C350C7C0005EF79 /* Level_1.json */,
				3BBFCBF21C350C7C0005EF79 /* Level_2.json */,
				3BBFCBF31C350C7C0005EF79 /* Level_3.json */,
				3BBFCBF41C350C7C0005EF79 /* Level_4.json */,
			);
			path = Levels;
			sourceTree = "<group>";
		};
		3BBFCC001C37A2380005EF79 /* Sounds */ = {
			isa = PBXGroup;
			children = (
				3BBFCC011C37A2380005EF79 /* Chomp.wav */,
				3BBFCC021C37A2380005EF79 /* Drip.wav */,
				3BBFCC031C37A2380005EF79 /* Error.wav */,
				3BBFCC041C37A2380005EF79 /* Ka-Ching.wav */,
				3BBFCC051C37A2380005EF79 /* Mining by Moonlight.mp3 */,
				3BBFCC061C37A2380005EF79 /* Scrape.wav */,
			);
			path = Sounds;
			sourceTree = "<group>";
		};
/* End PBXGroup section */

/* Begin PBXNativeTarget section */
		3BBFCBB81C2F69370005EF79 /* StarHunt */ = {
			isa = PBXNativeTarget;
			buildConfigurationList = 3BBFCBDE1C2F69380005EF79 /* Build configuration list for PBXNativeTarget "StarHunt" */;
			buildPhases = (
				3BBFCBB51C2F69370005EF79 /* Sources */,
				3BBFCBB61C2F69370005EF79 /* Frameworks */,
				3BBFCBB71C2F69370005EF79 /* Resources */,
			);
			buildRules = (
			);
			dependencies = (
			);
			name = StarHunt;
			productName = StarHunt;
			productReference = 3BBFCBB91C2F69370005EF79 /* StarHunt.app */;
			productType = "com.apple.product-type.application";
		};
		3BBFCBD31C2F69370005EF79 /* StarHuntTests */ = {
			isa = PBXNativeTarget;
			buildConfigurationList = 3BBFCBE11C2F69380005EF79 /* Build configuration list for PBXNativeTarget "StarHuntTests" */;
			buildPhases = (
				3BBFCBD01C2F69370005EF79 /* Sources */,
				3BBFCBD11C2F69370005EF79 /* Frameworks */,
				3BBFCBD21C2F69370005EF79 /* Resources */,
			);
			buildRules = (
			);
			dependencies = (
				3BBFCBD61C2F69370005EF79 /* PBXTargetDependency */,
			);
			name = StarHuntTests;
			productName = StarHuntTests;
			productReference = 3BBFCBD41C2F69370005EF79 /* StarHuntTests.xctest */;
			productType = "com.apple.product-type.bundle.unit-test";
		};
/* End PBXNativeTarget section */

/* Begin PBXProject section */
		3BBFCBB11C2F69370005EF79 /* Project object */ = {
			isa = PBXProject;
			attributes = {
				LastUpgradeCheck = 0610;
				ORGANIZATIONNAME = "Tae Hyun Kim";
				TargetAttributes = {
					3BBFCBB81C2F69370005EF79 = {
						CreatedOnToolsVersion = 6.1.1;
					};
					3BBFCBD31C2F69370005EF79 = {
						CreatedOnToolsVersion = 6.1.1;
						TestTargetID = 3BBFCBB81C2F69370005EF79;
					};
				};
			};
			buildConfigurationList = 3BBFCBB41C2F69370005EF79 /* Build configuration list for PBXProject "StarHunt" */;
			compatibilityVersion = "Xcode 3.2";
			developmentRegion = English;
			hasScannedForEncodings = 0;
			knownRegions = (
				en,
				Base,
			);
			mainGroup = 3BBFCBB01C2F69370005EF79;
			productRefGroup = 3BBFCBBA1C2F69370005EF79 /* Products */;
			projectDirPath = "";
			projectRoot = "";
			targets = (
				3BBFCBB81C2F69370005EF79 /* StarHunt */,
				3BBFCBD31C2F69370005EF79 /* StarHuntTests */,
			);
		};
/* End PBXProject section */

/* Begin PBXResourcesBuildPhase section */
		3BBFCBB71C2F69370005EF79 /* Resources */ = {
			isa = PBXResourcesBuildPhase;
			buildActionMask = 2147483647;
			files = (
				3BBFCBF61C350C7C0005EF79 /* Level_1.json in Resources */,
				3BBFCBF91C350C7C0005EF79 /* Level_4.json in Resources */,
				3BBFCC111C5464260005EF79 /* Grid.atlas in Resources */,
				3BBFCC0A1C37A2380005EF79 /* Ka-Ching.wav in Resources */,
				3BBFCC091C37A2380005EF79 /* Error.wav in Resources */,
				3BBFCC0C1C37A2380005EF79 /* Scrape.wav in Resources */,
				3BBFCBF81C350C7C0005EF79 /* Level_3.json in Resources */,
				3BBFCBCF1C2F69370005EF79 /* LaunchScreen.xib in Resources */,
				3BBFCBF51C350C7C0005EF79 /* Level_0.json in Resources */,
				3BBFCBCC1C2F69370005EF79 /* Images.xcassets in Resources */,
				3BBFCC071C37A2380005EF79 /* Chomp.wav in Resources */,
				3BBFCC081C37A2380005EF79 /* Drip.wav in Resources */,
				3BBFCBC41C2F69370005EF79 /* art.scnassets in Resources */,
				3BBFCBF71C350C7C0005EF79 /* Level_2.json in Resources */,
				3BBFCBCA1C2F69370005EF79 /* Main.storyboard in Resources */,
				3BBFCC0B1C37A2380005EF79 /* Mining by Moonlight.mp3 in Resources */,
				3BBFCBE51C2F6A390005EF79 /* Sprites.atlas in Resources */,
			);
			runOnlyForDeploymentPostprocessing = 0;
		};
		3BBFCBD21C2F69370005EF79 /* Resources */ = {
			isa = PBXResourcesBuildPhase;
			buildActionMask = 2147483647;
			files = (
			);
			runOnlyForDeploymentPostprocessing = 0;
		};
/* End PBXResourcesBuildPhase section */

/* Begin PBXSourcesBuildPhase section */
		3BBFCBB51C2F69370005EF79 /* Sources */ = {
			isa = PBXSourcesBuildPhase;
			buildActionMask = 2147483647;
			files = (
				3BBFCBED1C3382CE0005EF79 /* Level.m in Sources */,
				3BBFCBE71C321E240005EF79 /* MyScene.m in Sources */,
				3BBFCBC21C2F69370005EF79 /* AppDelegate.m in Sources */,
				3BBFCBC71C2F69370005EF79 /* GameViewController.m in Sources */,
				3BBFCBFE1C365EB80005EF79 /* MySwap.m in Sources */,
				3BBFCBBF1C2F69370005EF79 /* main.m in Sources */,
				3BBFCC0E1C3999900005EF79 /* Chain.m in Sources */,
				3BBFCBFB1C350CC70005EF79 /* Tile.m in Sources */,
				3BBFCBEA1C3247CB0005EF79 /* Cookie.m in Sources */,
			);
			runOnlyForDeploymentPostprocessing = 0;
		};
		3BBFCBD01C2F69370005EF79 /* Sources */ = {
			isa = PBXSourcesBuildPhase;
			buildActionMask = 2147483647;
			files = (
				3BBFCBDB1C2F69370005EF79 /* StarHuntTests.m in Sources */,
			);
			runOnlyForDeploymentPostprocessing = 0;
		};
/* End PBXSourcesBuildPhase section */

/* Begin PBXTargetDependency section */
		3BBFCBD61C2F69370005EF79 /* PBXTargetDependency */ = {
			isa = PBXTargetDependency;
			target = 3BBFCBB81C2F69370005EF79 /* StarHunt */;
			targetProxy = 3BBFCBD51C2F69370005EF79 /* PBXContainerItemProxy */;
		};
/* End PBXTargetDependency section */

/* Begin PBXVariantGroup section */
		3BBFCBC81C2F69370005EF79 /* Main.storyboard */ = {
			isa = PBXVariantGroup;
			children = (
				3BBFCBC91C2F69370005EF79 /* Base */,
			);
			name = Main.storyboard;
			sourceTree = "<group>";
		};
		3BBFCBCD1C2F69370005EF79 /* LaunchScreen.xib */ = {
			isa = PBXVariantGroup;
			children = (
				3BBFCBCE1C2F69370005EF79 /* Base */,
			);
			name = LaunchScreen.xib;
			sourceTree = "<group>";
		};
/* End PBXVariantGroup section */

/* Begin XCBuildConfiguration section */
		3BBFCBDC1C2F69380005EF79 /* Debug */ = {
			isa = XCBuildConfiguration;
			buildSettings = {
				ALWAYS_SEARCH_USER_PATHS = NO;
				CLANG_CXX_LANGUAGE_STANDARD = "gnu++0x";
				CLANG_CXX_LIBRARY = "libc++";
				CLANG_ENABLE_MODULES = YES;
				CLANG_ENABLE_OBJC_ARC = YES;
				CLANG_WARN_BOOL_CONVERSION = YES;
				CLANG_WARN_CONSTANT_CONVERSION = YES;
				CLANG_WARN_DIRECT_OBJC_ISA_USAGE = YES_ERROR;
				CLANG_WARN_EMPTY_BODY = YES;
				CLANG_WARN_ENUM_CONVERSION = YES;
				CLANG_WARN_INT_CONVERSION = YES;
				CLANG_WARN_OBJC_ROOT_CLASS = YES_ERROR;
				CLANG_WARN_UNREACHABLE_CODE = YES;
				CLANG_WARN__DUPLICATE_METHOD_MATCH = YES;
				"CODE_SIGN_IDENTITY[sdk=iphoneos*]" = "iPhone Developer";
				COPY_PHASE_STRIP = NO;
				ENABLE_STRICT_OBJC_MSGSEND = YES;
				GCC_C_LANGUAGE_STANDARD = gnu99;
				GCC_DYNAMIC_NO_PIC = NO;
				GCC_OPTIMIZATION_LEVEL = 0;
				GCC_PREPROCESSOR_DEFINITIONS = (
					"DEBUG=1",
					"$(inherited)",
				);
				GCC_SYMBOLS_PRIVATE_EXTERN = NO;
				GCC_WARN_64_TO_32_BIT_CONVERSION = YES;
				GCC_WARN_ABOUT_RETURN_TYPE = YES_ERROR;
				GCC_WARN_UNDECLARED_SELECTOR = YES;
				GCC_WARN_UNINITIALIZED_AUTOS = YES_AGGRESSIVE;
				GCC_WARN_UNUSED_FUNCTION = YES;
				GCC_WARN_UNUSED_VARIABLE = YES;
				IPHONEOS_DEPLOYMENT_TARGET = 8.1;
				MTL_ENABLE_DEBUG_INFO = YES;
				ONLY_ACTIVE_ARCH = YES;
				SDKROOT = iphoneos;
				TARGETED_DEVICE_FAMILY = "1,2";
			};
			name = Debug;
		};
		3BBFCBDD1C2F69380005EF79 /* Release */ = {
			isa = XCBuildConfiguration;
			buildSettings = {
				ALWAYS_SEARCH_USER_PATHS = NO;
				CLANG_CXX_LANGUAGE_STANDARD = "gnu++0x";
				CLANG_CXX_LIBRARY = "libc++";
				CLANG_ENABLE_MODULES = YES;
				CLANG_ENABLE_OBJC_ARC = YES;
				CLANG_WARN_BOOL_CONVERSION = YES;
				CLANG_WARN_CONSTANT_CONVERSION = YES;
				CLANG_WARN_DIRECT_OBJC_ISA_USAGE = YES_ERROR;
				CLANG_WARN_EMPTY_BODY = YES;
				CLANG_WARN_ENUM_CONVERSION = YES;
				CLANG_WARN_INT_CONVERSION = YES;
				CLANG_WARN_OBJC_ROOT_CLASS = YES_ERROR;
				CLANG_WARN_UNREACHABLE_CODE = YES;
				CLANG_WARN__DUPLICATE_METHOD_MATCH = YES;
				"CODE_SIGN_IDENTITY[sdk=iphoneos*]" = "iPhone Developer";
				COPY_PHASE_STRIP = YES;
				ENABLE_NS_ASSERTIONS = NO;
				ENABLE_STRICT_OBJC_MSGSEND = YES;
				GCC_C_LANGUAGE_STANDARD = gnu99;
				GCC_WARN_64_TO_32_BIT_CONVERSION = YES;
				GCC_WARN_ABOUT_RETURN_TYPE = YES_ERROR;
				GCC_WARN_UNDECLARED_SELECTOR = YES;
				GCC_WARN_UNINITIALIZED_AUTOS = YES_AGGRESSIVE;
				GCC_WARN_UNUSED_FUNCTION = YES;
				GCC_WARN_UNUSED_VARIABLE = YES;
				IPHONEOS_DEPLOYMENT_TARGET = 8.1;
				MTL_ENABLE_DEBUG_INFO = NO;
				SDKROOT = iphoneos;
				TARGETED_DEVICE_FAMILY = "1,2";
				VALIDATE_PRODUCT = YES;
			};
			name = Release;
		};
		3BBFCBDF1C2F69380005EF79 /* Debug */ = {
			isa = XCBuildConfiguration;
			buildSettings = {
				ASSETCATALOG_COMPILER_APPICON_NAME = AppIcon;
				INFOPLIST_FILE = StarHunt/Info.plist;
				LD_RUNPATH_SEARCH_PATHS = "$(inherited) @executable_path/Frameworks";
				PRODUCT_NAME = "$(TARGET_NAME)";
			};
			name = Debug;
		};
		3BBFCBE01C2F69380005EF79 /* Release */ = {
			isa = XCBuildConfiguration;
			buildSettings = {
				ASSETCATALOG_COMPILER_APPICON_NAME = AppIcon;
				INFOPLIST_FILE = StarHunt/Info.plist;
				LD_RUNPATH_SEARCH_PATHS = "$(inherited) @executable_path/Frameworks";
				PRODUCT_NAME = "$(TARGET_NAME)";
			};
			name = Release;
		};
		3BBFCBE21C2F69380005EF79 /* Debug */ = {
			isa = XCBuildConfiguration;
			buildSettings = {
				BUNDLE_LOADER = "$(TEST_HOST)";
				FRAMEWORK_SEARCH_PATHS = (
					"$(SDKROOT)/Developer/Library/Frameworks",
					"$(inherited)",
				);
				GCC_PREPROCESSOR_DEFINITIONS = (
					"DEBUG=1",
					"$(inherited)",
				);
				INFOPLIST_FILE = StarHuntTests/Info.plist;
				LD_RUNPATH_SEARCH_PATHS = "$(inherited) @executable_path/Frameworks @loader_path/Frameworks";
				PRODUCT_NAME = "$(TARGET_NAME)";
				TEST_HOST = "$(BUILT_PRODUCTS_DIR)/StarHunt.app/StarHunt";
			};
			name = Debug;
		};
		3BBFCBE31C2F69380005EF79 /* Release */ = {
			isa = XCBuildConfiguration;
			buildSettings = {
				BUNDLE_LOADER = "$(TEST_HOST)";
				FRAMEWORK_SEARCH_PATHS = (
					"$(SDKROOT)/Developer/Library/Frameworks",
					"$(inherited)",
				);
				INFOPLIST_FILE = StarHuntTests/Info.plist;
				LD_RUNPATH_SEARCH_PATHS = "$(inherited) @executable_path/Frameworks @loader_path/Frameworks";
				PRODUCT_NAME = "$(TARGET_NAME)";
				TEST_HOST = "$(BUILT_PRODUCTS_DIR)/StarHunt.app/StarHunt";
			};
			name = Release;
		};
/* End XCBuildConfiguration section */

/* Begin XCConfigurationList section */
		3BBFCBB41C2F69370005EF79 /* Build configuration list for PBXProject "StarHunt" */ = {
			isa = XCConfigurationList;
			buildConfigurations = (
				3BBFCBDC1C2F69380005EF79 /* Debug */,
				3BBFCBDD1C2F69380005EF79 /* Release */,
			);
			defaultConfigurationIsVisible = 0;
			defaultConfigurationName = Release;
		};
		3BBFCBDE1C2F69380005EF79 /* Build configuration list for PBXNativeTarget "StarHunt" */ = {
			isa = XCConfigurationList;
			buildConfigurations = (
				3BBFCBDF1C2F69380005EF79 /* Debug */,
				3BBFCBE01C2F69380005EF79 /* Release */,
			);
			defaultConfigurationIsVisible = 0;
		};
		3BBFCBE11C2F69380005EF79 /* Build configuration list for PBXNativeTarget "StarHuntTests" */ = {
			isa = XCConfigurationList;
			buildConfigurations = (
				3BBFCBE21C2F69380005EF79 /* Debug */,
				3BBFCBE31C2F69380005EF79 /* Release */,
			);
			defaultConfigurationIsVisible = 0;
		};
/* End XCConfigurationList section */
	};
	rootObject = 3BBFCBB11C2F69370005EF79 /* Project object */;
}
